
Microsoft Visual Studio Solution File, Format Version 12.00
# Visual Studio 15
VisualStudioVersion = 15.0.26228.4
MinimumVisualStudioVersion = 10.0.40219.1
Project("{FAE04EC0-301F-11D3-BF4B-00C04F79EFBC}") = "TS5055", "TS5055.csproj", "{ABD50743-A07E-440A-B91A-697AAF652BD4}"
	GlobalSection(PerforceSourceControlProviderSolutionProperties) = preSolution
		SolutionIsControlled = True
	EndGlobalSection
EndProject
Global
	GlobalSection(PerforceSourceControlProviderSolutionProperties) = preSolution
		SolutionIsControlled = True
	EndGlobalSection
	GlobalSection(SolutionConfigurationPlatforms) = preSolution
		Debug|Any CPU = Debug|Any CPU
		Release|Any CPU = Release|Any CPU
	EndGlobalSection
	GlobalSection(ProjectConfigurationPlatforms) = postSolution
		{ABD50743-A07E-440A-B91A-697AAF652BD4}.Debug|Any CPU.ActiveCfg = Debug|Any CPU
		{ABD50743-A07E-440A-B91A-697AAF652BD4}.Debug|Any CPU.Build.0 = Debug|Any CPU
		{ABD50743-A07E-440A-B91A-697AAF652BD4}.Release|Any CPU.ActiveCfg = Release|Any CPU
		{ABD50743-A07E-440A-B91A-697AAF652BD4}.Release|Any CPU.Build.0 = Release|Any CPU
	EndGlobalSection
	GlobalSection(SolutionProperties) = preSolution
		HideSolutionNode = FALSE
	EndGlobalSection
EndGlobal
